
Microsoft Visual Studio Solution File, Format Version 12.00
# Visual Studio Version 17
VisualStudioVersion = 17.5.33530.505
MinimumVisualStudioVersion = 10.0.40219.1
Project("{FAE04EC0-301F-11D3-BF4B-00C04F79EFBC}") = "ThreadBench", "ThreadBench\ThreadBench.csproj", "{0F8B51FA-0977-4E70-9203-20951F65849D}"
EndProject
Project("{FAE04EC0-301F-11D3-BF4B-00C04F79EFBC}") = "Console", "Console\Console.csproj", "{0C256511-75ED-4A8E-82E1-A9A3742BFC6C}"
EndProject
Project("{FAE04EC0-301F-11D3-BF4B-00C04F79EFBC}") = "Calculators", "Calculators\Calculators.csproj", "{96E576C3-EEC5-4CC2-8DC0-14658C4E9C2F}"
EndProject
Global
	GlobalSection(SolutionConfigurationPlatforms) = preSolution
		Debug|Any CPU = Debug|Any CPU
		Release|Any CPU = Release|Any CPU
	EndGlobalSection
	GlobalSection(ProjectConfigurationPlatforms) = postSolution
		{0F8B51FA-0977-4E70-9203-20951F65849D}.Debug|Any CPU.ActiveCfg = Debug|Any CPU
		{0F8B51FA-0977-4E70-9203-20951F65849D}.Debug|Any CPU.Build.0 = Debug|Any CPU
		{0F8B51FA-0977-4E70-9203-20951F65849D}.Release|Any CPU.ActiveCfg = Release|Any CPU
		{0F8B51FA-0977-4E70-9203-20951F65849D}.Release|Any CPU.Build.0 = Release|Any CPU
		{0C256511-75ED-4A8E-82E1-A9A3742BFC6C}.Debug|Any CPU.ActiveCfg = Debug|Any CPU
		{0C256511-75ED-4A8E-82E1-A9A3742BFC6C}.Debug|Any CPU.Build.0 = Debug|Any CPU
		{0C256511-75ED-4A8E-82E1-A9A3742BFC6C}.Release|Any CPU.ActiveCfg = Release|Any CPU
		{0C256511-75ED-4A8E-82E1-A9A3742BFC6C}.Release|Any CPU.Build.0 = Release|Any CPU
		{96E576C3-EEC5-4CC2-8DC0-14658C4E9C2F}.Debug|Any CPU.ActiveCfg = Debug|Any CPU
		{96E576C3-EEC5-4CC2-8DC0-14658C4E9C2F}.Debug|Any CPU.Build.0 = Debug|Any CPU
		{96E576C3-EEC5-4CC2-8DC0-14658C4E9C2F}.Release|Any CPU.ActiveCfg = Release|Any CPU
		{96E576C3-EEC5-4CC2-8DC0-14658C4E9C2F}.Release|Any CPU.Build.0 = Release|Any CPU
	EndGlobalSection
	GlobalSection(SolutionProperties) = preSolution
		HideSolutionNode = FALSE
	EndGlobalSection
	GlobalSection(ExtensibilityGlobals) = postSolution
		SolutionGuid = {FE477378-B041-4167-91BC-39D4E8B0E19F}
	EndGlobalSection
EndGlobal
