
Microsoft Visual Studio Solution File, Format Version 12.00
# Visual Studio Version 17
VisualStudioVersion = 17.5.33530.505
MinimumVisualStudioVersion = 10.0.40219.1
Project("{FAE04EC0-301F-11D3-BF4B-00C04F79EFBC}") = "kafka.console", "kafka.console\kafka.console.csproj", "{C608C9A6-0CEE-4EFD-A151-5B1F1AE22DD0}"
EndProject
Global
	GlobalSection(SolutionConfigurationPlatforms) = preSolution
		Debug|Any CPU = Debug|Any CPU
		Release|Any CPU = Release|Any CPU
	EndGlobalSection
	GlobalSection(ProjectConfigurationPlatforms) = postSolution
		{C608C9A6-0CEE-4EFD-A151-5B1F1AE22DD0}.Debug|Any CPU.ActiveCfg = Debug|Any CPU
		{C608C9A6-0CEE-4EFD-A151-5B1F1AE22DD0}.Debug|Any CPU.Build.0 = Debug|Any CPU
		{C608C9A6-0CEE-4EFD-A151-5B1F1AE22DD0}.Release|Any CPU.ActiveCfg = Release|Any CPU
		{C608C9A6-0CEE-4EFD-A151-5B1F1AE22DD0}.Release|Any CPU.Build.0 = Release|Any CPU
	EndGlobalSection
	GlobalSection(SolutionProperties) = preSolution
		HideSolutionNode = FALSE
	EndGlobalSection
	GlobalSection(ExtensibilityGlobals) = postSolution
		SolutionGuid = {96219D04-0259-4DF7-A95D-D53246AF69CB}
	EndGlobalSection
EndGlobal
