
Microsoft Visual Studio Solution File, Format Version 12.00
# Visual Studio Version 17
VisualStudioVersion = 17.5.33530.505
MinimumVisualStudioVersion = 10.0.40219.1
Project("{FAE04EC0-301F-11D3-BF4B-00C04F79EFBC}") = "cesium.generator", "cesium.generator\cesium.generator.csproj", "{A483FF1A-78D3-4701-822A-90B464339E64}"
EndProject
Global
	GlobalSection(SolutionConfigurationPlatforms) = preSolution
		Debug|Any CPU = Debug|Any CPU
		Release|Any CPU = Release|Any CPU
	EndGlobalSection
	GlobalSection(ProjectConfigurationPlatforms) = postSolution
		{A483FF1A-78D3-4701-822A-90B464339E64}.Debug|Any CPU.ActiveCfg = Debug|Any CPU
		{A483FF1A-78D3-4701-822A-90B464339E64}.Debug|Any CPU.Build.0 = Debug|Any CPU
		{A483FF1A-78D3-4701-822A-90B464339E64}.Release|Any CPU.ActiveCfg = Release|Any CPU
		{A483FF1A-78D3-4701-822A-90B464339E64}.Release|Any CPU.Build.0 = Release|Any CPU
	EndGlobalSection
	GlobalSection(SolutionProperties) = preSolution
		HideSolutionNode = FALSE
	EndGlobalSection
	GlobalSection(ExtensibilityGlobals) = postSolution
		SolutionGuid = {C4FCA87B-7546-49F7-BF52-FF90F5AB3A55}
	EndGlobalSection
EndGlobal
